{
  "version": 4,
  "terraform_version": "0.12.21",
  "serial": 29,
  "lineage": "3a47f072-1a4e-4f95-b3fd-4d1e24ef82a0",
  "outputs": {},
  "resources": [
    {
      "mode": "managed",
      "type": "aws_elasticsearch_domain",
      "name": "es",
      "provider": "provider.aws",
      "instances": [
        {
          "schema_version": 0,
          "attributes": {
            "access_policies": null,
            "advanced_options": {
              "rest.action.multi.allow_explicit_index": "true"
            },
            "arn": "arn:aws:es:us-east-1:560395879688:domain/imncore-elasticsearch",
            "cluster_config": [
              {
                "dedicated_master_count": 0,
                "dedicated_master_enabled": false,
                "dedicated_master_type": "",
                "instance_count": 2,
                "instance_type": "t2.medium.elasticsearch",
                "zone_awareness_config": [
                  {
                    "availability_zone_count": 2
                  }
                ],
                "zone_awareness_enabled": true
              }
            ],
            "cognito_options": [
              {
                "enabled": false,
                "identity_pool_id": "",
                "role_arn": "",
                "user_pool_id": ""
              }
            ],
            "domain_endpoint_options": [
              {
                "enforce_https": false,
                "tls_security_policy": "Policy-Min-TLS-1-0-2019-07"
              }
            ],
            "domain_id": "560395879688/imncore-elasticsearch",
            "domain_name": "imncore-elasticsearch",
            "ebs_options": [
              {
                "ebs_enabled": true,
                "iops": 0,
                "volume_size": 20,
                "volume_type": "gp2"
              }
            ],
            "elasticsearch_version": "6.7",
            "encrypt_at_rest": [
              {
                "enabled": false,
                "kms_key_id": ""
              }
            ],
            "endpoint": "vpc-imncore-elasticsearch-3kpkqziakr3fb4s6y5hwqtvzj4.us-east-1.es.amazonaws.com",
            "id": "arn:aws:es:us-east-1:560395879688:domain/imncore-elasticsearch",
            "kibana_endpoint": "vpc-imncore-elasticsearch-3kpkqziakr3fb4s6y5hwqtvzj4.us-east-1.es.amazonaws.com/_plugin/kibana/",
            "log_publishing_options": [
              {
                "cloudwatch_log_group_arn": "",
                "enabled": false,
                "log_type": "ES_APPLICATION_LOGS"
              },
              {
                "cloudwatch_log_group_arn": "",
                "enabled": false,
                "log_type": "INDEX_SLOW_LOGS"
              },
              {
                "cloudwatch_log_group_arn": "",
                "enabled": false,
                "log_type": "SEARCH_SLOW_LOGS"
              }
            ],
            "node_to_node_encryption": [
              {
                "enabled": false
              }
            ],
            "snapshot_options": [
              {
                "automated_snapshot_start_hour": 0
              }
            ],
            "tags": {
              "Domain": "TestDomain"
            },
            "vpc_options": [
              {
                "availability_zones": [
                  "us-east-1a",
                  "us-east-1b"
                ],
                "security_group_ids": [
                  "sg-0d23546a644f40eef"
                ],
                "subnet_ids": [
                  "subnet-1370c048",
                  "subnet-d7dfb09e"
                ],
                "vpc_id": "vpc-0c0efd6a"
              }
            ]
          },
          "private": "bnVsbA==",
          "dependencies": [
            "aws_security_group.es_sg"
          ]
        }
      ]
    },
    {
      "mode": "managed",
      "type": "aws_security_group",
      "name": "es_sg",
      "provider": "provider.aws",
      "instances": [
        {
          "schema_version": 1,
          "attributes": {
            "arn": "arn:aws:ec2:us-east-1:560395879688:security-group/sg-0d23546a644f40eef",
            "description": "Allow inbound traffic to ElasticSearch from VPC CIDR",
            "egress": [
              {
                "cidr_blocks": [
                  "0.0.0.0/0"
                ],
                "description": "",
                "from_port": 0,
                "ipv6_cidr_blocks": [],
                "prefix_list_ids": [],
                "protocol": "-1",
                "security_groups": [],
                "self": false,
                "to_port": 0
              }
            ],
            "id": "sg-0d23546a644f40eef",
            "ingress": [
              {
                "cidr_blocks": [
                  "10.0.0.0/8"
                ],
                "description": "",
                "from_port": 443,
                "ipv6_cidr_blocks": [],
                "prefix_list_ids": [],
                "protocol": "tcp",
                "security_groups": [],
                "self": false,
                "to_port": 443
              }
            ],
            "name": "imncore-elastics-sg",
            "name_prefix": null,
            "owner_id": "560395879688",
            "revoke_rules_on_delete": false,
            "tags": {},
            "timeouts": null,
            "vpc_id": "vpc-0c0efd6a"
          },
          "private": "eyJlMmJmYjczMC1lY2FhLTExZTYtOGY4OC0zNDM2M2JjN2M0YzAiOnsiY3JlYXRlIjo2MDAwMDAwMDAwMDAsImRlbGV0ZSI6NjAwMDAwMDAwMDAwfSwic2NoZW1hX3ZlcnNpb24iOiIxIn0="
        }
      ]
    }
  ]
}
